
Microsoft Visual Studio Solution File, Format Version 12.00
# Visual Studio 15
VisualStudioVersion = 15.0.27004.2009
MinimumVisualStudioVersion = 10.0.40219.1
Project("{FAE04EC0-301F-11D3-BF4B-00C04F79EFBC}") = "SensorDataCollector", "SensorDataCollector\SensorDataCollector.csproj", "{68206CBF-FB79-4B80-B235-7D79B63FB22B}"
EndProject
Project("{FAE04EC0-301F-11D3-BF4B-00C04F79EFBC}") = "SensorLogger", "SensorLogger\SensorLogger.csproj", "{C97FE885-A40A-415B-AF81-CC4F50B6C5D9}"
EndProject
Global
	GlobalSection(SolutionConfigurationPlatforms) = preSolution
		Debug|Any CPU = Debug|Any CPU
		Release|Any CPU = Release|Any CPU
	EndGlobalSection
	GlobalSection(ProjectConfigurationPlatforms) = postSolution
		{68206CBF-FB79-4B80-B235-7D79B63FB22B}.Debug|Any CPU.ActiveCfg = Debug|Any CPU
		{68206CBF-FB79-4B80-B235-7D79B63FB22B}.Debug|Any CPU.Build.0 = Debug|Any CPU
		{68206CBF-FB79-4B80-B235-7D79B63FB22B}.Release|Any CPU.ActiveCfg = Release|Any CPU
		{68206CBF-FB79-4B80-B235-7D79B63FB22B}.Release|Any CPU.Build.0 = Release|Any CPU
		{C97FE885-A40A-415B-AF81-CC4F50B6C5D9}.Debug|Any CPU.ActiveCfg = Debug|Any CPU
		{C97FE885-A40A-415B-AF81-CC4F50B6C5D9}.Debug|Any CPU.Build.0 = Debug|Any CPU
		{C97FE885-A40A-415B-AF81-CC4F50B6C5D9}.Release|Any CPU.ActiveCfg = Release|Any CPU
		{C97FE885-A40A-415B-AF81-CC4F50B6C5D9}.Release|Any CPU.Build.0 = Release|Any CPU
	EndGlobalSection
	GlobalSection(SolutionProperties) = preSolution
		HideSolutionNode = FALSE
	EndGlobalSection
	GlobalSection(ExtensibilityGlobals) = postSolution
		SolutionGuid = {99BFA81B-1370-4B20-81DA-9280EFA725B7}
	EndGlobalSection
EndGlobal
